
Microsoft Visual Studio Solution File, Format Version 12.00
# Visual Studio Version 17
VisualStudioVersion = 17.5.33424.131
MinimumVisualStudioVersion = 10.0.40219.1
Project("{8BC9CEB8-8B4A-11D0-8D11-00A0C91BC942}") = "ExerciseProsedural_021", "ExerciseProsedural_021\ExerciseProsedural_021.vcxproj", "{917DB0D6-CB38-4285-90A8-CEB8BE3B6B28}"
EndProject
Global
	GlobalSection(SolutionConfigurationPlatforms) = preSolution
		Debug|x64 = Debug|x64
		Debug|x86 = Debug|x86
		Release|x64 = Release|x64
		Release|x86 = Release|x86
	EndGlobalSection
	GlobalSection(ProjectConfigurationPlatforms) = postSolution
		{917DB0D6-CB38-4285-90A8-CEB8BE3B6B28}.Debug|x64.ActiveCfg = Debug|x64
		{917DB0D6-CB38-4285-90A8-CEB8BE3B6B28}.Debug|x64.Build.0 = Debug|x64
		{917DB0D6-CB38-4285-90A8-CEB8BE3B6B28}.Debug|x86.ActiveCfg = Debug|Win32
		{917DB0D6-CB38-4285-90A8-CEB8BE3B6B28}.Debug|x86.Build.0 = Debug|Win32
		{917DB0D6-CB38-4285-90A8-CEB8BE3B6B28}.Release|x64.ActiveCfg = Release|x64
		{917DB0D6-CB38-4285-90A8-CEB8BE3B6B28}.Release|x64.Build.0 = Release|x64
		{917DB0D6-CB38-4285-90A8-CEB8BE3B6B28}.Release|x86.ActiveCfg = Release|Win32
		{917DB0D6-CB38-4285-90A8-CEB8BE3B6B28}.Release|x86.Build.0 = Release|Win32
	EndGlobalSection
	GlobalSection(SolutionProperties) = preSolution
		HideSolutionNode = FALSE
	EndGlobalSection
	GlobalSection(ExtensibilityGlobals) = postSolution
		SolutionGuid = {54C5DC77-EED0-4CE1-8D25-F4F5BC46DD6D}
	EndGlobalSection
EndGlobal
